// !$*UTF8*$!
{
	archiveVersion = 1;
	classes = {
	};
	objectVersion = 48;
	objects = {

/* Begin PBXBuildFile section */
		A218FDEF2080827D0077ECC1 /* Density.swift in Sources */ = {isa = PBXBuildFile; fileRef = A218FDEE2080827D0077ECC1 /* Density.swift */; };
		A21BE4B220665115007CE52F /* sensor.xyz in Resources */ = {isa = PBXBuildFile; fileRef = A21BE4B120665114007CE52F /* sensor.xyz */; };
		A21BE4B420666E95007CE52F /* sensor1.xyz in Resources */ = {isa = PBXBuildFile; fileRef = A21BE4B320666E95007CE52F /* sensor1.xyz */; };
		A24FEB502026EA7D0087DD7F /* AppDelegate.swift in Sources */ = {isa = PBXBuildFile; fileRef = A24FEB4F2026EA7D0087DD7F /* AppDelegate.swift */; };
		A24FEB552026EA7D0087DD7F /* Main.storyboard in Resources */ = {isa = PBXBuildFile; fileRef = A24FEB532026EA7D0087DD7F /* Main.storyboard */; };
		A24FEB572026EA7D0087DD7F /* Assets.xcassets in Resources */ = {isa = PBXBuildFile; fileRef = A24FEB562026EA7D0087DD7F /* Assets.xcassets */; };
		A24FEB5A2026EA7D0087DD7F /* LaunchScreen.storyboard in Resources */ = {isa = PBXBuildFile; fileRef = A24FEB582026EA7D0087DD7F /* LaunchScreen.storyboard */; };
		A24FEB622026EAF20087DD7F /* Shader.metal in Sources */ = {isa = PBXBuildFile; fileRef = A24FEB612026EAF20087DD7F /* Shader.metal */; };
		A24FEB642029955D0087DD7F /* Camera.swift in Sources */ = {isa = PBXBuildFile; fileRef = A24FEB632029955D0087DD7F /* Camera.swift */; };
		A24FEB66202996070087DD7F /* Matrix.swift in Sources */ = {isa = PBXBuildFile; fileRef = A24FEB65202996070087DD7F /* Matrix.swift */; };
		A24FEB68202ABF7D0087DD7F /* XYZ.swift in Sources */ = {isa = PBXBuildFile; fileRef = A24FEB67202ABF7D0087DD7F /* XYZ.swift */; };
		A24FEB6A202ACAE40087DD7F /* SensorViewController.swift in Sources */ = {isa = PBXBuildFile; fileRef = A24FEB69202ACAE40087DD7F /* SensorViewController.swift */; };
		A24FEB6C202B52D10087DD7F /* model.xyz in Resources */ = {isa = PBXBuildFile; fileRef = A24FEB6B202B52D10087DD7F /* model.xyz */; };
		A2C46271207C4C3600ABFB3C /* density.xyz in Resources */ = {isa = PBXBuildFile; fileRef = A2C46270207C4C3600ABFB3C /* density.xyz */; };
		A2C46275207C776700ABFB3C /* SensorDensity.cpp in Sources */ = {isa = PBXBuildFile; fileRef = A2C46273207C776700ABFB3C /* SensorDensity.cpp */; };
/* End PBXBuildFile section */

/* Begin PBXFileReference section */
		A218FDEE2080827D0077ECC1 /* Density.swift */ = {isa = PBXFileReference; lastKnownFileType = sourcecode.swift; path = Density.swift; sourceTree = "<group>"; };
		A21BE4B120665114007CE52F /* sensor.xyz */ = {isa = PBXFileReference; fileEncoding = 4; lastKnownFileType = text; path = sensor.xyz; sourceTree = "<group>"; };
		A21BE4B320666E95007CE52F /* sensor1.xyz */ = {isa = PBXFileReference; fileEncoding = 4; lastKnownFileType = text; path = sensor1.xyz; sourceTree = "<group>"; };
		A24FEB4C2026EA7D0087DD7F /* SensorCloud.app */ = {isa = PBXFileReference; explicitFileType = wrapper.application; includeInIndex = 0; path = SensorCloud.app; sourceTree = BUILT_PRODUCTS_DIR; };
		A24FEB4F2026EA7D0087DD7F /* AppDelegate.swift */ = {isa = PBXFileReference; lastKnownFileType = sourcecode.swift; path = AppDelegate.swift; sourceTree = "<group>"; };
		A24FEB542026EA7D0087DD7F /* Base */ = {isa = PBXFileReference; lastKnownFileType = file.storyboard; name = Base; path = Base.lproj/Main.storyboard; sourceTree = "<group>"; };
		A24FEB562026EA7D0087DD7F /* Assets.xcassets */ = {isa = PBXFileReference; lastKnownFileType = folder.assetcatalog; path = Assets.xcassets; sourceTree = "<group>"; };
		A24FEB592026EA7D0087DD7F /* Base */ = {isa = PBXFileReference; lastKnownFileType = file.storyboard; name = Base; path = Base.lproj/LaunchScreen.storyboard; sourceTree = "<group>"; };
		A24FEB5B2026EA7D0087DD7F /* Info.plist */ = {isa = PBXFileReference; lastKnownFileType = text.plist.xml; path = Info.plist; sourceTree = "<group>"; };
		A24FEB612026EAF20087DD7F /* Shader.metal */ = {isa = PBXFileReference; lastKnownFileType = sourcecode.metal; path = Shader.metal; sourceTree = "<group>"; };
		A24FEB632029955D0087DD7F /* Camera.swift */ = {isa = PBXFileReference; lastKnownFileType = sourcecode.swift; path = Camera.swift; sourceTree = "<group>"; };
		A24FEB65202996070087DD7F /* Matrix.swift */ = {isa = PBXFileReference; lastKnownFileType = sourcecode.swift; path = Matrix.swift; sourceTree = "<group>"; };
		A24FEB67202ABF7D0087DD7F /* XYZ.swift */ = {isa = PBXFileReference; lastKnownFileType = sourcecode.swift; path = XYZ.swift; sourceTree = "<group>"; };
		A24FEB69202ACAE40087DD7F /* SensorViewController.swift */ = {isa = PBXFileReference; lastKnownFileType = sourcecode.swift; path = SensorViewController.swift; sourceTree = "<group>"; };
		A24FEB6B202B52D10087DD7F /* model.xyz */ = {isa = PBXFileReference; fileEncoding = 4; lastKnownFileType = text; path = model.xyz; sourceTree = "<group>"; };
		A2C46270207C4C3600ABFB3C /* density.xyz */ = {isa = PBXFileReference; fileEncoding = 4; lastKnownFileType = text; path = density.xyz; sourceTree = "<group>"; };
		A2C46272207C776600ABFB3C /* SensorCloud-Bridging-Header.h */ = {isa = PBXFileReference; lastKnownFileType = sourcecode.c.h; path = "SensorCloud-Bridging-Header.h"; sourceTree = "<group>"; };
		A2C46273207C776700ABFB3C /* SensorDensity.cpp */ = {isa = PBXFileReference; lastKnownFileType = sourcecode.cpp.cpp; path = SensorDensity.cpp; sourceTree = "<group>"; };
		A2C46274207C776700ABFB3C /* SensorDensity.hpp */ = {isa = PBXFileReference; lastKnownFileType = sourcecode.cpp.h; path = SensorDensity.hpp; sourceTree = "<group>"; };
/* End PBXFileReference section */

/* Begin PBXFrameworksBuildPhase section */
		A24FEB492026EA7D0087DD7F /* Frameworks */ = {
			isa = PBXFrameworksBuildPhase;
			buildActionMask = 2147483647;
			files = (
			);
			runOnlyForDeploymentPostprocessing = 0;
		};
/* End PBXFrameworksBuildPhase section */

/* Begin PBXGroup section */
		A24FEB432026EA7D0087DD7F = {
			isa = PBXGroup;
			children = (
				A24FEB4E2026EA7D0087DD7F /* SensorCloud */,
				A24FEB4D2026EA7D0087DD7F /* Products */,
			);
			sourceTree = "<group>";
		};
		A24FEB4D2026EA7D0087DD7F /* Products */ = {
			isa = PBXGroup;
			children = (
				A24FEB4C2026EA7D0087DD7F /* SensorCloud.app */,
			);
			name = Products;
			sourceTree = "<group>";
		};
		A24FEB4E2026EA7D0087DD7F /* SensorCloud */ = {
			isa = PBXGroup;
			children = (
				A2C46270207C4C3600ABFB3C /* density.xyz */,
				A21BE4B320666E95007CE52F /* sensor1.xyz */,
				A21BE4B120665114007CE52F /* sensor.xyz */,
				A24FEB6B202B52D10087DD7F /* model.xyz */,
				A24FEB4F2026EA7D0087DD7F /* AppDelegate.swift */,
				A24FEB532026EA7D0087DD7F /* Main.storyboard */,
				A24FEB562026EA7D0087DD7F /* Assets.xcassets */,
				A24FEB582026EA7D0087DD7F /* LaunchScreen.storyboard */,
				A24FEB5B2026EA7D0087DD7F /* Info.plist */,
				A24FEB632029955D0087DD7F /* Camera.swift */,
				A24FEB65202996070087DD7F /* Matrix.swift */,
				A24FEB67202ABF7D0087DD7F /* XYZ.swift */,
				A218FDEE2080827D0077ECC1 /* Density.swift */,
				A24FEB612026EAF20087DD7F /* Shader.metal */,
				A24FEB69202ACAE40087DD7F /* SensorViewController.swift */,
				A2C46273207C776700ABFB3C /* SensorDensity.cpp */,
				A2C46274207C776700ABFB3C /* SensorDensity.hpp */,
				A2C46272207C776600ABFB3C /* SensorCloud-Bridging-Header.h */,
			);
			path = SensorCloud;
			sourceTree = "<group>";
		};
/* End PBXGroup section */

/* Begin PBXNativeTarget section */
		A24FEB4B2026EA7D0087DD7F /* SensorCloud */ = {
			isa = PBXNativeTarget;
			buildConfigurationList = A24FEB5E2026EA7D0087DD7F /* Build configuration list for PBXNativeTarget "SensorCloud" */;
			buildPhases = (
				A24FEB482026EA7D0087DD7F /* Sources */,
				A24FEB492026EA7D0087DD7F /* Frameworks */,
				A24FEB4A2026EA7D0087DD7F /* Resources */,
			);
			buildRules = (
			);
			dependencies = (
			);
			name = SensorCloud;
			productName = SensorCloud;
			productReference = A24FEB4C2026EA7D0087DD7F /* SensorCloud.app */;
			productType = "com.apple.product-type.application";
		};
/* End PBXNativeTarget section */

/* Begin PBXProject section */
		A24FEB442026EA7D0087DD7F /* Project object */ = {
			isa = PBXProject;
			attributes = {
				LastSwiftUpdateCheck = 0920;
				LastUpgradeCheck = 0920;
				ORGANIZATIONNAME = Darko;
				TargetAttributes = {
					A24FEB4B2026EA7D0087DD7F = {
						CreatedOnToolsVersion = 9.2;
						LastSwiftMigration = 0930;
						ProvisioningStyle = Automatic;
					};
				};
			};
			buildConfigurationList = A24FEB472026EA7D0087DD7F /* Build configuration list for PBXProject "SensorCloud" */;
			compatibilityVersion = "Xcode 8.0";
			developmentRegion = en;
			hasScannedForEncodings = 0;
			knownRegions = (
				en,
				Base,
			);
			mainGroup = A24FEB432026EA7D0087DD7F;
			productRefGroup = A24FEB4D2026EA7D0087DD7F /* Products */;
			projectDirPath = "";
			projectRoot = "";
			targets = (
				A24FEB4B2026EA7D0087DD7F /* SensorCloud */,
			);
		};
/* End PBXProject section */

/* Begin PBXResourcesBuildPhase section */
		A24FEB4A2026EA7D0087DD7F /* Resources */ = {
			isa = PBXResourcesBuildPhase;
			buildActionMask = 2147483647;
			files = (
				A24FEB5A2026EA7D0087DD7F /* LaunchScreen.storyboard in Resources */,
				A2C46271207C4C3600ABFB3C /* density.xyz in Resources */,
				A24FEB572026EA7D0087DD7F /* Assets.xcassets in Resources */,
				A24FEB552026EA7D0087DD7F /* Main.storyboard in Resources */,
				A21BE4B420666E95007CE52F /* sensor1.xyz in Resources */,
				A24FEB6C202B52D10087DD7F /* model.xyz in Resources */,
				A21BE4B220665115007CE52F /* sensor.xyz in Resources */,
			);
			runOnlyForDeploymentPostprocessing = 0;
		};
/* End PBXResourcesBuildPhase section */

/* Begin PBXSourcesBuildPhase section */
		A24FEB482026EA7D0087DD7F /* Sources */ = {
			isa = PBXSourcesBuildPhase;
			buildActionMask = 2147483647;
			files = (
				A218FDEF2080827D0077ECC1 /* Density.swift in Sources */,
				A24FEB642029955D0087DD7F /* Camera.swift in Sources */,
				A24FEB68202ABF7D0087DD7F /* XYZ.swift in Sources */,
				A24FEB6A202ACAE40087DD7F /* SensorViewController.swift in Sources */,
				A24FEB66202996070087DD7F /* Matrix.swift in Sources */,
				A24FEB622026EAF20087DD7F /* Shader.metal in Sources */,
				A2C46275207C776700ABFB3C /* SensorDensity.cpp in Sources */,
				A24FEB502026EA7D0087DD7F /* AppDelegate.swift in Sources */,
			);
			runOnlyForDeploymentPostprocessing = 0;
		};
/* End PBXSourcesBuildPhase section */

/* Begin PBXVariantGroup section */
		A24FEB532026EA7D0087DD7F /* Main.storyboard */ = {
			isa = PBXVariantGroup;
			children = (
				A24FEB542026EA7D0087DD7F /* Base */,
			);
			name = Main.storyboard;
			sourceTree = "<group>";
		};
		A24FEB582026EA7D0087DD7F /* LaunchScreen.storyboard */ = {
			isa = PBXVariantGroup;
			children = (
				A24FEB592026EA7D0087DD7F /* Base */,
			);
			name = LaunchScreen.storyboard;
			sourceTree = "<group>";
		};
/* End PBXVariantGroup section */

/* Begin XCBuildConfiguration section */
		A24FEB5C2026EA7D0087DD7F /* Debug */ = {
			isa = XCBuildConfiguration;
			buildSettings = {
				ALWAYS_SEARCH_USER_PATHS = NO;
				CLANG_ANALYZER_NONNULL = YES;
				CLANG_ANALYZER_NUMBER_OBJECT_CONVERSION = YES_AGGRESSIVE;
				CLANG_CXX_LANGUAGE_STANDARD = "gnu++14";
				CLANG_CXX_LIBRARY = "libc++";
				CLANG_ENABLE_MODULES = YES;
				CLANG_ENABLE_OBJC_ARC = YES;
				CLANG_WARN_BLOCK_CAPTURE_AUTORELEASING = YES;
				CLANG_WARN_BOOL_CONVERSION = YES;
				CLANG_WARN_COMMA = YES;
				CLANG_WARN_CONSTANT_CONVERSION = YES;
				CLANG_WARN_DIRECT_OBJC_ISA_USAGE = YES_ERROR;
				CLANG_WARN_DOCUMENTATION_COMMENTS = YES;
				CLANG_WARN_EMPTY_BODY = YES;
				CLANG_WARN_ENUM_CONVERSION = YES;
				CLANG_WARN_INFINITE_RECURSION = YES;
				CLANG_WARN_INT_CONVERSION = YES;
				CLANG_WARN_NON_LITERAL_NULL_CONVERSION = YES;
				CLANG_WARN_OBJC_LITERAL_CONVERSION = YES;
				CLANG_WARN_OBJC_ROOT_CLASS = YES_ERROR;
				CLANG_WARN_RANGE_LOOP_ANALYSIS = YES;
				CLANG_WARN_STRICT_PROTOTYPES = YES;
				CLANG_WARN_SUSPICIOUS_MOVE = YES;
				CLANG_WARN_UNGUARDED_AVAILABILITY = YES_AGGRESSIVE;
				CLANG_WARN_UNREACHABLE_CODE = YES;
				CLANG_WARN__DUPLICATE_METHOD_MATCH = YES;
				CODE_SIGN_IDENTITY = "iPhone Developer";
				COPY_PHASE_STRIP = NO;
				DEBUG_INFORMATION_FORMAT = dwarf;
				ENABLE_STRICT_OBJC_MSGSEND = YES;
				ENABLE_TESTABILITY = YES;
				GCC_C_LANGUAGE_STANDARD = gnu11;
				GCC_DYNAMIC_NO_PIC = NO;
				GCC_NO_COMMON_BLOCKS = YES;
				GCC_OPTIMIZATION_LEVEL = 0;
				GCC_PREPROCESSOR_DEFINITIONS = (
					"DEBUG=1",
					"$(inherited)",
				);
				GCC_WARN_64_TO_32_BIT_CONVERSION = YES;
				GCC_WARN_ABOUT_RETURN_TYPE = YES_ERROR;
				GCC_WARN_UNDECLARED_SELECTOR = YES;
				GCC_WARN_UNINITIALIZED_AUTOS = YES_AGGRESSIVE;
				GCC_WARN_UNUSED_FUNCTION = YES;
				GCC_WARN_UNUSED_VARIABLE = YES;
				IPHONEOS_DEPLOYMENT_TARGET = 11.2;
				MTL_ENABLE_DEBUG_INFO = YES;
				ONLY_ACTIVE_ARCH = YES;
				SDKROOT = iphoneos;
				SWIFT_ACTIVE_COMPILATION_CONDITIONS = DEBUG;
				SWIFT_OPTIMIZATION_LEVEL = "-Onone";
			};
			name = Debug;
		};
		A24FEB5D2026EA7D0087DD7F /* Release */ = {
			isa = XCBuildConfiguration;
			buildSettings = {
				ALWAYS_SEARCH_USER_PATHS = NO;
				CLANG_ANALYZER_NONNULL = YES;
				CLANG_ANALYZER_NUMBER_OBJECT_CONVERSION = YES_AGGRESSIVE;
				CLANG_CXX_LANGUAGE_STANDARD = "gnu++14";
				CLANG_CXX_LIBRARY = "libc++";
				CLANG_ENABLE_MODULES = YES;
				CLANG_ENABLE_OBJC_ARC = YES;
				CLANG_WARN_BLOCK_CAPTURE_AUTORELEASING = YES;
				CLANG_WARN_BOOL_CONVERSION = YES;
				CLANG_WARN_COMMA = YES;
				CLANG_WARN_CONSTANT_CONVERSION = YES;
				CLANG_WARN_DIRECT_OBJC_ISA_USAGE = YES_ERROR;
				CLANG_WARN_DOCUMENTATION_COMMENTS = YES;
				CLANG_WARN_EMPTY_BODY = YES;
				CLANG_WARN_ENUM_CONVERSION = YES;
				CLANG_WARN_INFINITE_RECURSION = YES;
				CLANG_WARN_INT_CONVERSION = YES;
				CLANG_WARN_NON_LITERAL_NULL_CONVERSION = YES;
				CLANG_WARN_OBJC_LITERAL_CONVERSION = YES;
				CLANG_WARN_OBJC_ROOT_CLASS = YES_ERROR;
				CLANG_WARN_RANGE_LOOP_ANALYSIS = YES;
				CLANG_WARN_STRICT_PROTOTYPES = YES;
				CLANG_WARN_SUSPICIOUS_MOVE = YES;
				CLANG_WARN_UNGUARDED_AVAILABILITY = YES_AGGRESSIVE;
				CLANG_WARN_UNREACHABLE_CODE = YES;
				CLANG_WARN__DUPLICATE_METHOD_MATCH = YES;
				CODE_SIGN_IDENTITY = "iPhone Developer";
				COPY_PHASE_STRIP = NO;
				DEBUG_INFORMATION_FORMAT = "dwarf-with-dsym";
				ENABLE_NS_ASSERTIONS = NO;
				ENABLE_STRICT_OBJC_MSGSEND = YES;
				GCC_C_LANGUAGE_STANDARD = gnu11;
				GCC_NO_COMMON_BLOCKS = YES;
				GCC_WARN_64_TO_32_BIT_CONVERSION = YES;
				GCC_WARN_ABOUT_RETURN_TYPE = YES_ERROR;
				GCC_WARN_UNDECLARED_SELECTOR = YES;
				GCC_WARN_UNINITIALIZED_AUTOS = YES_AGGRESSIVE;
				GCC_WARN_UNUSED_FUNCTION = YES;
				GCC_WARN_UNUSED_VARIABLE = YES;
				IPHONEOS_DEPLOYMENT_TARGET = 11.2;
				MTL_ENABLE_DEBUG_INFO = NO;
				SDKROOT = iphoneos;
				SWIFT_OPTIMIZATION_LEVEL = "-Owholemodule";
				VALIDATE_PRODUCT = YES;
			};
			name = Release;
		};
		A24FEB5F2026EA7D0087DD7F /* Debug */ = {
			isa = XCBuildConfiguration;
			buildSettings = {
				ASSETCATALOG_COMPILER_APPICON_NAME = AppIcon;
				CLANG_ENABLE_MODULES = YES;
				CODE_SIGN_STYLE = Automatic;
				DEVELOPMENT_TEAM = HCYK33GWAM;
				INFOPLIST_FILE = SensorCloud/Info.plist;
				LD_RUNPATH_SEARCH_PATHS = "$(inherited) @executable_path/Frameworks";
				PRODUCT_BUNDLE_IDENTIFIER = Darko.SensorCloud;
				PRODUCT_NAME = "$(TARGET_NAME)";
				SWIFT_OBJC_BRIDGING_HEADER = "SensorCloud/SensorCloud-Bridging-Header.h";
				SWIFT_OPTIMIZATION_LEVEL = "-Onone";
				SWIFT_VERSION = 4.0;
				TARGETED_DEVICE_FAMILY = "1,2";
			};
			name = Debug;
		};
		A24FEB602026EA7D0087DD7F /* Release */ = {
			isa = XCBuildConfiguration;
			buildSettings = {
				ASSETCATALOG_COMPILER_APPICON_NAME = AppIcon;
				CLANG_ENABLE_MODULES = YES;
				CODE_SIGN_STYLE = Automatic;
				DEVELOPMENT_TEAM = HCYK33GWAM;
				INFOPLIST_FILE = SensorCloud/Info.plist;
				LD_RUNPATH_SEARCH_PATHS = "$(inherited) @executable_path/Frameworks";
				PRODUCT_BUNDLE_IDENTIFIER = Darko.SensorCloud;
				PRODUCT_NAME = "$(TARGET_NAME)";
				SWIFT_OBJC_BRIDGING_HEADER = "SensorCloud/SensorCloud-Bridging-Header.h";
				SWIFT_VERSION = 4.0;
				TARGETED_DEVICE_FAMILY = "1,2";
			};
			name = Release;
		};
/* End XCBuildConfiguration section */

/* Begin XCConfigurationList section */
		A24FEB472026EA7D0087DD7F /* Build configuration list for PBXProject "SensorCloud" */ = {
			isa = XCConfigurationList;
			buildConfigurations = (
				A24FEB5C2026EA7D0087DD7F /* Debug */,
				A24FEB5D2026EA7D0087DD7F /* Release */,
			);
			defaultConfigurationIsVisible = 0;
			defaultConfigurationName = Release;
		};
		A24FEB5E2026EA7D0087DD7F /* Build configuration list for PBXNativeTarget "SensorCloud" */ = {
			isa = XCConfigurationList;
			buildConfigurations = (
				A24FEB5F2026EA7D0087DD7F /* Debug */,
				A24FEB602026EA7D0087DD7F /* Release */,
			);
			defaultConfigurationIsVisible = 0;
			defaultConfigurationName = Release;
		};
/* End XCConfigurationList section */
	};
	rootObject = A24FEB442026EA7D0087DD7F /* Project object */;
}
