// !$*UTF8*$!
{
	archiveVersion = 1;
	classes = {
	};
	objectVersion = 48;
	objects = {

/* Begin PBXBuildFile section */
		A24FEB502026EA7D0087DD7F /* AppDelegate.swift in Sources */ = {isa = PBXBuildFile; fileRef = A24FEB4F2026EA7D0087DD7F /* AppDelegate.swift */; };
		A24FEB522026EA7D0087DD7F /* ViewController.swift in Sources */ = {isa = PBXBuildFile; fileRef = A24FEB512026EA7D0087DD7F /* ViewController.swift */; };
		A24FEB552026EA7D0087DD7F /* Main.storyboard in Resources */ = {isa = PBXBuildFile; fileRef = A24FEB532026EA7D0087DD7F /* Main.storyboard */; };
		A24FEB572026EA7D0087DD7F /* Assets.xcassets in Resources */ = {isa = PBXBuildFile; fileRef = A24FEB562026EA7D0087DD7F /* Assets.xcassets */; };
		A24FEB5A2026EA7D0087DD7F /* LaunchScreen.storyboard in Resources */ = {isa = PBXBuildFile; fileRef = A24FEB582026EA7D0087DD7F /* LaunchScreen.storyboard */; };
/* End PBXBuildFile section */

/* Begin PBXFileReference section */
		A24FEB4C2026EA7D0087DD7F /* SensorCloud.app */ = {isa = PBXFileReference; explicitFileType = wrapper.application; includeInIndex = 0; path = SensorCloud.app; sourceTree = BUILT_PRODUCTS_DIR; };
		A24FEB4F2026EA7D0087DD7F /* AppDelegate.swift */ = {isa = PBXFileReference; lastKnownFileType = sourcecode.swift; path = AppDelegate.swift; sourceTree = "<group>"; };
		A24FEB512026EA7D0087DD7F /* ViewController.swift */ = {isa = PBXFileReference; lastKnownFileType = sourcecode.swift; path = ViewController.swift; sourceTree = "<group>"; };
		A24FEB542026EA7D0087DD7F /* Base */ = {isa = PBXFileReference; lastKnownFileType = file.storyboard; name = Base; path = Base.lproj/Main.storyboard; sourceTree = "<group>"; };
		A24FEB562026EA7D0087DD7F /* Assets.xcassets */ = {isa = PBXFileReference; lastKnownFileType = folder.assetcatalog; path = Assets.xcassets; sourceTree = "<group>"; };
		A24FEB592026EA7D0087DD7F /* Base */ = {isa = PBXFileReference; lastKnownFileType = file.storyboard; name = Base; path = Base.lproj/LaunchScreen.storyboard; sourceTree = "<group>"; };
		A24FEB5B2026EA7D0087DD7F /* Info.plist */ = {isa = PBXFileReference; lastKnownFileType = text.plist.xml; path = Info.plist; sourceTree = "<group>"; };
/* End PBXFileReference section */

/* Begin PBXFrameworksBuildPhase section */
		A24FEB492026EA7D0087DD7F /* Frameworks */ = {
			isa = PBXFrameworksBuildPhase;
			buildActionMask = 2147483647;
			files = (
			);
			runOnlyForDeploymentPostprocessing = 0;
		};
/* End PBXFrameworksBuildPhase section */

/* Begin PBXGroup section */
		A24FEB432026EA7D0087DD7F = {
			isa = PBXGroup;
			children = (
				A24FEB4E2026EA7D0087DD7F /* SensorCloud */,
				A24FEB4D2026EA7D0087DD7F /* Products */,
			);
			sourceTree = "<group>";
		};
		A24FEB4D2026EA7D0087DD7F /* Products */ = {
			isa = PBXGroup;
			children = (
				A24FEB4C2026EA7D0087DD7F /* SensorCloud.app */,
			);
			name = Products;
			sourceTree = "<group>";
		};
		A24FEB4E2026EA7D0087DD7F /* SensorCloud */ = {
			isa = PBXGroup;
			children = (
				A24FEB4F2026EA7D0087DD7F /* AppDelegate.swift */,
				A24FEB512026EA7D0087DD7F /* ViewController.swift */,
				A24FEB532026EA7D0087DD7F /* Main.storyboard */,
				A24FEB562026EA7D0087DD7F /* Assets.xcassets */,
				A24FEB582026EA7D0087DD7F /* LaunchScreen.storyboard */,
				A24FEB5B2026EA7D0087DD7F /* Info.plist */,
			);
			path = SensorCloud;
			sourceTree = "<group>";
		};
/* End PBXGroup section */

/* Begin PBXNativeTarget section */
		A24FEB4B2026EA7D0087DD7F /* SensorCloud */ = {
			isa = PBXNativeTarget;
			buildConfigurationList = A24FEB5E2026EA7D0087DD7F /* Build configuration list for PBXNativeTarget "SensorCloud" */;
			buildPhases = (
				A24FEB482026EA7D0087DD7F /* Sources */,
				A24FEB492026EA7D0087DD7F /* Frameworks */,
				A24FEB4A2026EA7D0087DD7F /* Resources */,
			);
			buildRules = (
			);
			dependencies = (
			);
			name = SensorCloud;
			productName = SensorCloud;
			productReference = A24FEB4C2026EA7D0087DD7F /* SensorCloud.app */;
			productType = "com.apple.product-type.application";
		};
/* End PBXNativeTarget section */

/* Begin PBXProject section */
		A24FEB442026EA7D0087DD7F /* Project object */ = {
			isa = PBXProject;
			attributes = {
				LastSwiftUpdateCheck = 0920;
				LastUpgradeCheck = 0920;
				ORGANIZATIONNAME = Darko;
				TargetAttributes = {
					A24FEB4B2026EA7D0087DD7F = {
						CreatedOnToolsVersion = 9.2;
						ProvisioningStyle = Automatic;
					};
				};
			};
			buildConfigurationList = A24FEB472026EA7D0087DD7F /* Build configuration list for PBXProject "SensorCloud" */;
			compatibilityVersion = "Xcode 8.0";
			developmentRegion = en;
			hasScannedForEncodings = 0;
			knownRegions = (
				en,
				Base,
			);
			mainGroup = A24FEB432026EA7D0087DD7F;
			productRefGroup = A24FEB4D2026EA7D0087DD7F /* Products */;
			projectDirPath = "";
			projectRoot = "";
			targets = (
				A24FEB4B2026EA7D0087DD7F /* SensorCloud */,
			);
		};
/* End PBXProject section */

/* Begin PBXResourcesBuildPhase section */
		A24FEB4A2026EA7D0087DD7F /* Resources */ = {
			isa = PBXResourcesBuildPhase;
			buildActionMask = 2147483647;
			files = (
				A24FEB5A2026EA7D0087DD7F /* LaunchScreen.storyboard in Resources */,
				A24FEB572026EA7D0087DD7F /* Assets.xcassets in Resources */,
				A24FEB552026EA7D0087DD7F /* Main.storyboard in Resources */,
			);
			runOnlyForDeploymentPostprocessing = 0;
		};
/* End PBXResourcesBuildPhase section */

/* Begin PBXSourcesBuildPhase section */
		A24FEB482026EA7D0087DD7F /* Sources */ = {
			isa = PBXSourcesBuildPhase;
			buildActionMask = 2147483647;
			files = (
				A24FEB522026EA7D0087DD7F /* ViewController.swift in Sources */,
				A24FEB502026EA7D0087DD7F /* AppDelegate.swift in Sources */,
			);
			runOnlyForDeploymentPostprocessing = 0;
		};
/* End PBXSourcesBuildPhase section */

/* Begin PBXVariantGroup section */
		A24FEB532026EA7D0087DD7F /* Main.storyboard */ = {
			isa = PBXVariantGroup;
			children = (
				A24FEB542026EA7D0087DD7F /* Base */,
			);
			name = Main.storyboard;
			sourceTree = "<group>";
		};
		A24FEB582026EA7D0087DD7F /* LaunchScreen.storyboard */ = {
			isa = PBXVariantGroup;
			children = (
				A24FEB592026EA7D0087DD7F /* Base */,
			);
			name = LaunchScreen.storyboard;
			sourceTree = "<group>";
		};
/* End PBXVariantGroup section */

/* Begin XCBuildConfiguration section */
		A24FEB5C2026EA7D0087DD7F /* Debug */ = {
			isa = XCBuildConfiguration;
			buildSettings = {
				ALWAYS_SEARCH_USER_PATHS = NO;
				CLANG_ANALYZER_NONNULL = YES;
				CLANG_ANALYZER_NUMBER_OBJECT_CONVERSION = YES_AGGRESSIVE;
				CLANG_CXX_LANGUAGE_STANDARD = "gnu++14";
				CLANG_CXX_LIBRARY = "libc++";
				CLANG_ENABLE_MODULES = YES;
				CLANG_ENABLE_OBJC_ARC = YES;
				CLANG_WARN_BLOCK_CAPTURE_AUTORELEASING = YES;
				CLANG_WARN_BOOL_CONVERSION = YES;
				CLANG_WARN_COMMA = YES;
				CLANG_WARN_CONSTANT_CONVERSION = YES;
				CLANG_WARN_DIRECT_OBJC_ISA_USAGE = YES_ERROR;
				CLANG_WARN_DOCUMENTATION_COMMENTS = YES;
				CLANG_WARN_EMPTY_BODY = YES;
				CLANG_WARN_ENUM_CONVERSION = YES;
				CLANG_WARN_INFINITE_RECURSION = YES;
				CLANG_WARN_INT_CONVERSION = YES;
				CLANG_WARN_NON_LITERAL_NULL_CONVERSION = YES;
				CLANG_WARN_OBJC_LITERAL_CONVERSION = YES;
				CLANG_WARN_OBJC_ROOT_CLASS = YES_ERROR;
				CLANG_WARN_RANGE_LOOP_ANALYSIS = YES;
				CLANG_WARN_STRICT_PROTOTYPES = YES;
				CLANG_WARN_SUSPICIOUS_MOVE = YES;
				CLANG_WARN_UNGUARDED_AVAILABILITY = YES_AGGRESSIVE;
				CLANG_WARN_UNREACHABLE_CODE = YES;
				CLANG_WARN__DUPLICATE_METHOD_MATCH = YES;
				CODE_SIGN_IDENTITY = "iPhone Developer";
				COPY_PHASE_STRIP = NO;
				DEBUG_INFORMATION_FORMAT = dwarf;
				ENABLE_STRICT_OBJC_MSGSEND = YES;
				ENABLE_TESTABILITY = YES;
				GCC_C_LANGUAGE_STANDARD = gnu11;
				GCC_DYNAMIC_NO_PIC = NO;
				GCC_NO_COMMON_BLOCKS = YES;
				GCC_OPTIMIZATION_LEVEL = 0;
				GCC_PREPROCESSOR_DEFINITIONS = (
					"DEBUG=1",
					"$(inherited)",
				);
				GCC_WARN_64_TO_32_BIT_CONVERSION = YES;
				GCC_WARN_ABOUT_RETURN_TYPE = YES_ERROR;
				GCC_WARN_UNDECLARED_SELECTOR = YES;
				GCC_WARN_UNINITIALIZED_AUTOS = YES_AGGRESSIVE;
				GCC_WARN_UNUSED_FUNCTION = YES;
				GCC_WARN_UNUSED_VARIABLE = YES;
				IPHONEOS_DEPLOYMENT_TARGET = 11.2;
				MTL_ENABLE_DEBUG_INFO = YES;
				ONLY_ACTIVE_ARCH = YES;
				SDKROOT = iphoneos;
				SWIFT_ACTIVE_COMPILATION_CONDITIONS = DEBUG;
				SWIFT_OPTIMIZATION_LEVEL = "-Onone";
			};
			name = Debug;
		};
		A24FEB5D2026EA7D0087DD7F /* Release */ = {
			isa = XCBuildConfiguration;
			buildSettings = {
				ALWAYS_SEARCH_USER_PATHS = NO;
				CLANG_ANALYZER_NONNULL = YES;
				CLANG_ANALYZER_NUMBER_OBJECT_CONVERSION = YES_AGGRESSIVE;
				CLANG_CXX_LANGUAGE_STANDARD = "gnu++14";
				CLANG_CXX_LIBRARY = "libc++";
				CLANG_ENABLE_MODULES = YES;
				CLANG_ENABLE_OBJC_ARC = YES;
				CLANG_WARN_BLOCK_CAPTURE_AUTORELEASING = YES;
				CLANG_WARN_BOOL_CONVERSION = YES;
				CLANG_WARN_COMMA = YES;
				CLANG_WARN_CONSTANT_CONVERSION = YES;
				CLANG_WARN_DIRECT_OBJC_ISA_USAGE = YES_ERROR;
				CLANG_WARN_DOCUMENTATION_COMMENTS = YES;
				CLANG_WARN_EMPTY_BODY = YES;
				CLANG_WARN_ENUM_CONVERSION = YES;
				CLANG_WARN_INFINITE_RECURSION = YES;
				CLANG_WARN_INT_CONVERSION = YES;
				CLANG_WARN_NON_LITERAL_NULL_CONVERSION = YES;
				CLANG_WARN_OBJC_LITERAL_CONVERSION = YES;
				CLANG_WARN_OBJC_ROOT_CLASS = YES_ERROR;
				CLANG_WARN_RANGE_LOOP_ANALYSIS = YES;
				CLANG_WARN_STRICT_PROTOTYPES = YES;
				CLANG_WARN_SUSPICIOUS_MOVE = YES;
				CLANG_WARN_UNGUARDED_AVAILABILITY = YES_AGGRESSIVE;
				CLANG_WARN_UNREACHABLE_CODE = YES;
				CLANG_WARN__DUPLICATE_METHOD_MATCH = YES;
				CODE_SIGN_IDENTITY = "iPhone Developer";
				COPY_PHASE_STRIP = NO;
				DEBUG_INFORMATION_FORMAT = "dwarf-with-dsym";
				ENABLE_NS_ASSERTIONS = NO;
				ENABLE_STRICT_OBJC_MSGSEND = YES;
				GCC_C_LANGUAGE_STANDARD = gnu11;
				GCC_NO_COMMON_BLOCKS = YES;
				GCC_WARN_64_TO_32_BIT_CONVERSION = YES;
				GCC_WARN_ABOUT_RETURN_TYPE = YES_ERROR;
				GCC_WARN_UNDECLARED_SELECTOR = YES;
				GCC_WARN_UNINITIALIZED_AUTOS = YES_AGGRESSIVE;
				GCC_WARN_UNUSED_FUNCTION = YES;
				GCC_WARN_UNUSED_VARIABLE = YES;
				IPHONEOS_DEPLOYMENT_TARGET = 11.2;
				MTL_ENABLE_DEBUG_INFO = NO;
				SDKROOT = iphoneos;
				SWIFT_OPTIMIZATION_LEVEL = "-Owholemodule";
				VALIDATE_PRODUCT = YES;
			};
			name = Release;
		};
		A24FEB5F2026EA7D0087DD7F /* Debug */ = {
			isa = XCBuildConfiguration;
			buildSettings = {
				ASSETCATALOG_COMPILER_APPICON_NAME = AppIcon;
				CODE_SIGN_STYLE = Automatic;
				DEVELOPMENT_TEAM = HCYK33GWAM;
				INFOPLIST_FILE = SensorCloud/Info.plist;
				LD_RUNPATH_SEARCH_PATHS = "$(inherited) @executable_path/Frameworks";
				PRODUCT_BUNDLE_IDENTIFIER = Darko.SensorCloud;
				PRODUCT_NAME = "$(TARGET_NAME)";
				SWIFT_VERSION = 4.0;
				TARGETED_DEVICE_FAMILY = "1,2";
			};
			name = Debug;
		};
		A24FEB602026EA7D0087DD7F /* Release */ = {
			isa = XCBuildConfiguration;
			buildSettings = {
				ASSETCATALOG_COMPILER_APPICON_NAME = AppIcon;
				CODE_SIGN_STYLE = Automatic;
				DEVELOPMENT_TEAM = HCYK33GWAM;
				INFOPLIST_FILE = SensorCloud/Info.plist;
				LD_RUNPATH_SEARCH_PATHS = "$(inherited) @executable_path/Frameworks";
				PRODUCT_BUNDLE_IDENTIFIER = Darko.SensorCloud;
				PRODUCT_NAME = "$(TARGET_NAME)";
				SWIFT_VERSION = 4.0;
				TARGETED_DEVICE_FAMILY = "1,2";
			};
			name = Release;
		};
/* End XCBuildConfiguration section */

/* Begin XCConfigurationList section */
		A24FEB472026EA7D0087DD7F /* Build configuration list for PBXProject "SensorCloud" */ = {
			isa = XCConfigurationList;
			buildConfigurations = (
				A24FEB5C2026EA7D0087DD7F /* Debug */,
				A24FEB5D2026EA7D0087DD7F /* Release */,
			);
			defaultConfigurationIsVisible = 0;
			defaultConfigurationName = Release;
		};
		A24FEB5E2026EA7D0087DD7F /* Build configuration list for PBXNativeTarget "SensorCloud" */ = {
			isa = XCConfigurationList;
			buildConfigurations = (
				A24FEB5F2026EA7D0087DD7F /* Debug */,
				A24FEB602026EA7D0087DD7F /* Release */,
			);
			defaultConfigurationIsVisible = 0;
			defaultConfigurationName = Release;
		};
/* End XCConfigurationList section */
	};
	rootObject = A24FEB442026EA7D0087DD7F /* Project object */;
}
